
Microsoft Visual Studio Solution File, Format Version 12.00
# Visual Studio Version 16
VisualStudioVersion = 16.0.29806.167
MinimumVisualStudioVersion = 10.0.40219.1
Project("{FAE04EC0-301F-11D3-BF4B-00C04F79EFBC}") = "MasterThesis", "WebApplication1\MasterThesis.csproj", "{3EBAE930-C3F8-47AC-8087-196D0747A1C2}"
EndProject
Project("{FAE04EC0-301F-11D3-BF4B-00C04F79EFBC}") = "Test.Project.Tests", "Test.Project.Tests\Test.Project.Tests.csproj", "{C5E5429A-6D96-4496-B5B8-CEAA014CA905}"
EndProject
Project("{FAE04EC0-301F-11D3-BF4B-00C04F79EFBC}") = "Test.Project.Library", "Test.Project.Library\Test.Project.Library.csproj", "{F30F913D-41EF-4BC3-AA4F-C35B1A167232}"
EndProject
Global
	GlobalSection(SolutionConfigurationPlatforms) = preSolution
		Debug|Any CPU = Debug|Any CPU
		Release|Any CPU = Release|Any CPU
	EndGlobalSection
	GlobalSection(ProjectConfigurationPlatforms) = postSolution
		{3EBAE930-C3F8-47AC-8087-196D0747A1C2}.Debug|Any CPU.ActiveCfg = Debug|Any CPU
		{3EBAE930-C3F8-47AC-8087-196D0747A1C2}.Debug|Any CPU.Build.0 = Debug|Any CPU
		{3EBAE930-C3F8-47AC-8087-196D0747A1C2}.Release|Any CPU.ActiveCfg = Release|Any CPU
		{3EBAE930-C3F8-47AC-8087-196D0747A1C2}.Release|Any CPU.Build.0 = Release|Any CPU
		{C5E5429A-6D96-4496-B5B8-CEAA014CA905}.Debug|Any CPU.ActiveCfg = Debug|Any CPU
		{C5E5429A-6D96-4496-B5B8-CEAA014CA905}.Debug|Any CPU.Build.0 = Debug|Any CPU
		{C5E5429A-6D96-4496-B5B8-CEAA014CA905}.Release|Any CPU.ActiveCfg = Release|Any CPU
		{C5E5429A-6D96-4496-B5B8-CEAA014CA905}.Release|Any CPU.Build.0 = Release|Any CPU
		{F30F913D-41EF-4BC3-AA4F-C35B1A167232}.Debug|Any CPU.ActiveCfg = Debug|Any CPU
		{F30F913D-41EF-4BC3-AA4F-C35B1A167232}.Debug|Any CPU.Build.0 = Debug|Any CPU
		{F30F913D-41EF-4BC3-AA4F-C35B1A167232}.Release|Any CPU.ActiveCfg = Release|Any CPU
		{F30F913D-41EF-4BC3-AA4F-C35B1A167232}.Release|Any CPU.Build.0 = Release|Any CPU
	EndGlobalSection
	GlobalSection(SolutionProperties) = preSolution
		HideSolutionNode = FALSE
	EndGlobalSection
	GlobalSection(ExtensibilityGlobals) = postSolution
		SolutionGuid = {4DEC88B1-6756-4645-B0CE-F5AD379EDF17}
	EndGlobalSection
EndGlobal
